
Microsoft Visual Studio Solution File, Format Version 12.00
# Visual Studio Version 17
VisualStudioVersion = 17.4.32804.182
MinimumVisualStudioVersion = 10.0.40219.1
Project("{FAE04EC0-301F-11D3-BF4B-00C04F79EFBC}") = "MiniCalco", "MiniCalco.csproj", "{B656DE39-5080-4009-9781-23BAD5633C25}"
EndProject
Global
	GlobalSection(SolutionConfigurationPlatforms) = preSolution
		Debug|Any CPU = Debug|Any CPU
		Release|Any CPU = Release|Any CPU
	EndGlobalSection
	GlobalSection(ProjectConfigurationPlatforms) = postSolution
		{B656DE39-5080-4009-9781-23BAD5633C25}.Debug|Any CPU.ActiveCfg = Debug|Any CPU
		{B656DE39-5080-4009-9781-23BAD5633C25}.Debug|Any CPU.Build.0 = Debug|Any CPU
		{B656DE39-5080-4009-9781-23BAD5633C25}.Release|Any CPU.ActiveCfg = Release|Any CPU
		{B656DE39-5080-4009-9781-23BAD5633C25}.Release|Any CPU.Build.0 = Release|Any CPU
	EndGlobalSection
	GlobalSection(SolutionProperties) = preSolution
		HideSolutionNode = FALSE
	EndGlobalSection
	GlobalSection(ExtensibilityGlobals) = postSolution
		SolutionGuid = {C59F97E6-73F6-4A4B-8E56-11601B4D0340}
	EndGlobalSection
EndGlobal
